
Microsoft Visual Studio Solution File, Format Version 12.00
# Visual Studio Version 16
VisualStudioVersion = 16.0.31613.86
MinimumVisualStudioVersion = 10.0.40219.1
Project("{FAE04EC0-301F-11D3-BF4B-00C04F79EFBC}") = "ObjectOritentedConcepts", "ObjectOritentedConcepts\ObjectOritentedConcepts.csproj", "{6AEB13A4-C028-4631-AF1F-7BE3562216D1}"
EndProject
Project("{FAE04EC0-301F-11D3-BF4B-00C04F79EFBC}") = "InheritanceDemonstration", "InheritanceDemonstration\InheritanceDemonstration.csproj", "{BF715337-AF43-4A62-BAD5-01F3A56CF2BE}"
EndProject
Project("{FAE04EC0-301F-11D3-BF4B-00C04F79EFBC}") = "StudentClassLibrary", "StudentClassLibrary\StudentClassLibrary.csproj", "{A3D0D010-AFD8-4D6D-92C2-BB32BC57CBC6}"
EndProject
Project("{FAE04EC0-301F-11D3-BF4B-00C04F79EFBC}") = "MarksClassLibrary", "MarksClassLibrary\MarksClassLibrary.csproj", "{0C00DD97-9A93-4CA5-9C25-8662705E4F25}"
EndProject
Project("{FAE04EC0-301F-11D3-BF4B-00C04F79EFBC}") = "SportsClassLibrary", "SportsClassLibrary\SportsClassLibrary.csproj", "{11EB8B4C-CA4B-4069-903D-7F20C6E0E58A}"
EndProject
Project("{FAE04EC0-301F-11D3-BF4B-00C04F79EFBC}") = "ResultClassLibrary", "ResultClassLibrary\ResultClassLibrary.csproj", "{05F2BD27-38DB-47DD-85D8-D1674C610226}"
EndProject
Global
	GlobalSection(SolutionConfigurationPlatforms) = preSolution
		Debug|Any CPU = Debug|Any CPU
		Release|Any CPU = Release|Any CPU
	EndGlobalSection
	GlobalSection(ProjectConfigurationPlatforms) = postSolution
		{6AEB13A4-C028-4631-AF1F-7BE3562216D1}.Debug|Any CPU.ActiveCfg = Debug|Any CPU
		{6AEB13A4-C028-4631-AF1F-7BE3562216D1}.Debug|Any CPU.Build.0 = Debug|Any CPU
		{6AEB13A4-C028-4631-AF1F-7BE3562216D1}.Release|Any CPU.ActiveCfg = Release|Any CPU
		{6AEB13A4-C028-4631-AF1F-7BE3562216D1}.Release|Any CPU.Build.0 = Release|Any CPU
		{BF715337-AF43-4A62-BAD5-01F3A56CF2BE}.Debug|Any CPU.ActiveCfg = Debug|Any CPU
		{BF715337-AF43-4A62-BAD5-01F3A56CF2BE}.Debug|Any CPU.Build.0 = Debug|Any CPU
		{BF715337-AF43-4A62-BAD5-01F3A56CF2BE}.Release|Any CPU.ActiveCfg = Release|Any CPU
		{BF715337-AF43-4A62-BAD5-01F3A56CF2BE}.Release|Any CPU.Build.0 = Release|Any CPU
		{A3D0D010-AFD8-4D6D-92C2-BB32BC57CBC6}.Debug|Any CPU.ActiveCfg = Debug|Any CPU
		{A3D0D010-AFD8-4D6D-92C2-BB32BC57CBC6}.Debug|Any CPU.Build.0 = Debug|Any CPU
		{A3D0D010-AFD8-4D6D-92C2-BB32BC57CBC6}.Release|Any CPU.ActiveCfg = Release|Any CPU
		{A3D0D010-AFD8-4D6D-92C2-BB32BC57CBC6}.Release|Any CPU.Build.0 = Release|Any CPU
		{0C00DD97-9A93-4CA5-9C25-8662705E4F25}.Debug|Any CPU.ActiveCfg = Debug|Any CPU
		{0C00DD97-9A93-4CA5-9C25-8662705E4F25}.Debug|Any CPU.Build.0 = Debug|Any CPU
		{0C00DD97-9A93-4CA5-9C25-8662705E4F25}.Release|Any CPU.ActiveCfg = Release|Any CPU
		{0C00DD97-9A93-4CA5-9C25-8662705E4F25}.Release|Any CPU.Build.0 = Release|Any CPU
		{11EB8B4C-CA4B-4069-903D-7F20C6E0E58A}.Debug|Any CPU.ActiveCfg = Debug|Any CPU
		{11EB8B4C-CA4B-4069-903D-7F20C6E0E58A}.Debug|Any CPU.Build.0 = Debug|Any CPU
		{11EB8B4C-CA4B-4069-903D-7F20C6E0E58A}.Release|Any CPU.ActiveCfg = Release|Any CPU
		{11EB8B4C-CA4B-4069-903D-7F20C6E0E58A}.Release|Any CPU.Build.0 = Release|Any CPU
		{05F2BD27-38DB-47DD-85D8-D1674C610226}.Debug|Any CPU.ActiveCfg = Debug|Any CPU
		{05F2BD27-38DB-47DD-85D8-D1674C610226}.Debug|Any CPU.Build.0 = Debug|Any CPU
		{05F2BD27-38DB-47DD-85D8-D1674C610226}.Release|Any CPU.ActiveCfg = Release|Any CPU
		{05F2BD27-38DB-47DD-85D8-D1674C610226}.Release|Any CPU.Build.0 = Release|Any CPU
	EndGlobalSection
	GlobalSection(SolutionProperties) = preSolution
		HideSolutionNode = FALSE
	EndGlobalSection
	GlobalSection(ExtensibilityGlobals) = postSolution
		SolutionGuid = {BE9CC4F0-3721-4DBB-A2AB-A9944DF51520}
	EndGlobalSection
EndGlobal
